
Microsoft Visual Studio Solution File, Format Version 12.00
# Visual Studio Version 17
VisualStudioVersion = 17.3.32825.248
MinimumVisualStudioVersion = 10.0.40219.1
Project("{FAE04EC0-301F-11D3-BF4B-00C04F79EFBC}") = "Brooklyn", "Brooklyn.csproj", "{15EB6720-B4C7-410F-91F9-6803BA3C4713}"
EndProject
Global
	GlobalSection(SolutionConfigurationPlatforms) = preSolution
		Debug|Any CPU = Debug|Any CPU
		Release|Any CPU = Release|Any CPU
	EndGlobalSection
	GlobalSection(ProjectConfigurationPlatforms) = postSolution
		{15EB6720-B4C7-410F-91F9-6803BA3C4713}.Debug|Any CPU.ActiveCfg = Debug|Any CPU
		{15EB6720-B4C7-410F-91F9-6803BA3C4713}.Debug|Any CPU.Build.0 = Debug|Any CPU
		{15EB6720-B4C7-410F-91F9-6803BA3C4713}.Release|Any CPU.ActiveCfg = Release|Any CPU
		{15EB6720-B4C7-410F-91F9-6803BA3C4713}.Release|Any CPU.Build.0 = Release|Any CPU
	EndGlobalSection
	GlobalSection(SolutionProperties) = preSolution
		HideSolutionNode = FALSE
	EndGlobalSection
	GlobalSection(ExtensibilityGlobals) = postSolution
		SolutionGuid = {64BF414A-32B0-48FF-9C3D-5556BD2BEDEF}
	EndGlobalSection
EndGlobal
